
Microsoft Visual Studio Solution File, Format Version 12.00
# Visual Studio 15
VisualStudioVersion = 15.0.27924.0
MinimumVisualStudioVersion = 10.0.40219.1
Project("{FAE04EC0-301F-11D3-BF4B-00C04F79EFBC}") = "HbSis_TesteMvc.Domain", "HbSis_TesteMvc.Domain\HbSis_TesteMvc.Domain.csproj", "{76ADB90A-412A-42CA-AEB8-8E032AFC3575}"
EndProject
Project("{FAE04EC0-301F-11D3-BF4B-00C04F79EFBC}") = "HbSis_TesteMvc.Infra", "HbSis_TesteMvc.Infra\HbSis_TesteMvc.Infra\HbSis_TesteMvc.Infra.csproj", "{4204E64C-2A43-4583-92DD-55AD3FB2DE38}"
EndProject
Project("{FAE04EC0-301F-11D3-BF4B-00C04F79EFBC}") = "HbSis_TesteMvc.Web", "HbSis_TesteMvc.Web\HbSis_TesteMvc.Web.csproj", "{A27E7E38-2C9D-4CFD-94FA-89BE643E89EE}"
EndProject
Project("{FAE04EC0-301F-11D3-BF4B-00C04F79EFBC}") = "Rend.Utilities", "Rend.Utilities\Rend.Utilities.csproj", "{74ABF0FB-5730-47CF-9F45-12FA6A55D068}"
EndProject
Global
	GlobalSection(SolutionConfigurationPlatforms) = preSolution
		Debug|Any CPU = Debug|Any CPU
		Release|Any CPU = Release|Any CPU
	EndGlobalSection
	GlobalSection(ProjectConfigurationPlatforms) = postSolution
		{76ADB90A-412A-42CA-AEB8-8E032AFC3575}.Debug|Any CPU.ActiveCfg = Debug|Any CPU
		{76ADB90A-412A-42CA-AEB8-8E032AFC3575}.Debug|Any CPU.Build.0 = Debug|Any CPU
		{76ADB90A-412A-42CA-AEB8-8E032AFC3575}.Release|Any CPU.ActiveCfg = Release|Any CPU
		{76ADB90A-412A-42CA-AEB8-8E032AFC3575}.Release|Any CPU.Build.0 = Release|Any CPU
		{4204E64C-2A43-4583-92DD-55AD3FB2DE38}.Debug|Any CPU.ActiveCfg = Debug|Any CPU
		{4204E64C-2A43-4583-92DD-55AD3FB2DE38}.Debug|Any CPU.Build.0 = Debug|Any CPU
		{4204E64C-2A43-4583-92DD-55AD3FB2DE38}.Release|Any CPU.ActiveCfg = Release|Any CPU
		{4204E64C-2A43-4583-92DD-55AD3FB2DE38}.Release|Any CPU.Build.0 = Release|Any CPU
		{A27E7E38-2C9D-4CFD-94FA-89BE643E89EE}.Debug|Any CPU.ActiveCfg = Debug|Any CPU
		{A27E7E38-2C9D-4CFD-94FA-89BE643E89EE}.Debug|Any CPU.Build.0 = Debug|Any CPU
		{A27E7E38-2C9D-4CFD-94FA-89BE643E89EE}.Release|Any CPU.ActiveCfg = Release|Any CPU
		{A27E7E38-2C9D-4CFD-94FA-89BE643E89EE}.Release|Any CPU.Build.0 = Release|Any CPU
		{74ABF0FB-5730-47CF-9F45-12FA6A55D068}.Debug|Any CPU.ActiveCfg = Debug|Any CPU
		{74ABF0FB-5730-47CF-9F45-12FA6A55D068}.Debug|Any CPU.Build.0 = Debug|Any CPU
		{74ABF0FB-5730-47CF-9F45-12FA6A55D068}.Release|Any CPU.ActiveCfg = Release|Any CPU
		{74ABF0FB-5730-47CF-9F45-12FA6A55D068}.Release|Any CPU.Build.0 = Release|Any CPU
	EndGlobalSection
	GlobalSection(SolutionProperties) = preSolution
		HideSolutionNode = FALSE
	EndGlobalSection
	GlobalSection(ExtensibilityGlobals) = postSolution
		SolutionGuid = {BAAA2A61-4B81-4AB1-857C-B9CF86F847F3}
	EndGlobalSection
EndGlobal
